// !$*UTF8*$!
{
	archiveVersion = 1;
	classes = {
	};
	objectVersion = 46;
	objects = {

/* Begin PBXBuildFile section */
		671B7EFD1EF8A93100F380B0 /* RecommendViewController.swift in Sources */ = {isa = PBXBuildFile; fileRef = 671B7EFC1EF8A93100F380B0 /* RecommendViewController.swift */; };
		671B7F001EF8BEA100F380B0 /* CollectionHeaderView.swift in Sources */ = {isa = PBXBuildFile; fileRef = 671B7EFE1EF8BEA100F380B0 /* CollectionHeaderView.swift */; };
		671B7F011EF8BEA100F380B0 /* CollectionHeaderView.xib in Resources */ = {isa = PBXBuildFile; fileRef = 671B7EFF1EF8BEA100F380B0 /* CollectionHeaderView.xib */; };
		671B7F041EF8C31B00F380B0 /* CollectionNormalCell.swift in Sources */ = {isa = PBXBuildFile; fileRef = 671B7F021EF8C31B00F380B0 /* CollectionNormalCell.swift */; };
		671B7F051EF8C31B00F380B0 /* CollectionNormalCell.xib in Resources */ = {isa = PBXBuildFile; fileRef = 671B7F031EF8C31B00F380B0 /* CollectionNormalCell.xib */; };
		671B7F081EF8E66500F380B0 /* CollectionPrettyCell.swift in Sources */ = {isa = PBXBuildFile; fileRef = 671B7F061EF8E66500F380B0 /* CollectionPrettyCell.swift */; };
		671B7F091EF8E66500F380B0 /* CollectionPrettyCell.xib in Resources */ = {isa = PBXBuildFile; fileRef = 671B7F071EF8E66500F380B0 /* CollectionPrettyCell.xib */; };
		67448E301EF75B970047D5C9 /* PageTitleView.swift in Sources */ = {isa = PBXBuildFile; fileRef = 67448E2F1EF75B970047D5C9 /* PageTitleView.swift */; };
		67448E321EF75D150047D5C9 /* Common.swift in Sources */ = {isa = PBXBuildFile; fileRef = 67448E311EF75D150047D5C9 /* Common.swift */; };
		67448E341EF769F20047D5C9 /* PageContentView.swift in Sources */ = {isa = PBXBuildFile; fileRef = 67448E331EF769F20047D5C9 /* PageContentView.swift */; };
		67448E361EF76D6D0047D5C9 /* UIColor-Extension.swift in Sources */ = {isa = PBXBuildFile; fileRef = 67448E351EF76D6D0047D5C9 /* UIColor-Extension.swift */; };
		6772E0741EF37B1E00F2FED7 /* AppDelegate.swift in Sources */ = {isa = PBXBuildFile; fileRef = 6772E0731EF37B1E00F2FED7 /* AppDelegate.swift */; };
		6772E0791EF37B1E00F2FED7 /* Main.storyboard in Resources */ = {isa = PBXBuildFile; fileRef = 6772E0771EF37B1E00F2FED7 /* Main.storyboard */; };
		6772E07B1EF37B1E00F2FED7 /* Assets.xcassets in Resources */ = {isa = PBXBuildFile; fileRef = 6772E07A1EF37B1E00F2FED7 /* Assets.xcassets */; };
		6772E07E1EF37B1E00F2FED7 /* LaunchScreen.storyboard in Resources */ = {isa = PBXBuildFile; fileRef = 6772E07C1EF37B1E00F2FED7 /* LaunchScreen.storyboard */; };
		6772E08E1EF3B7C000F2FED7 /* Home.storyboard in Resources */ = {isa = PBXBuildFile; fileRef = 6772E08C1EF3B7C000F2FED7 /* Home.storyboard */; };
		6772E0911EF3B7E900F2FED7 /* Live.storyboard in Resources */ = {isa = PBXBuildFile; fileRef = 6772E08F1EF3B7E900F2FED7 /* Live.storyboard */; };
		6772E0941EF3B7FE00F2FED7 /* Follow.storyboard in Resources */ = {isa = PBXBuildFile; fileRef = 6772E0921EF3B7FE00F2FED7 /* Follow.storyboard */; };
		6772E0971EF3B81700F2FED7 /* Find.storyboard in Resources */ = {isa = PBXBuildFile; fileRef = 6772E0951EF3B81700F2FED7 /* Find.storyboard */; };
		6772E09A1EF3B82700F2FED7 /* Mine.storyboard in Resources */ = {isa = PBXBuildFile; fileRef = 6772E0981EF3B82700F2FED7 /* Mine.storyboard */; };
		6772E0A51EF3BED100F2FED7 /* MainViewController.swift in Sources */ = {isa = PBXBuildFile; fileRef = 6772E0A21EF3BED100F2FED7 /* MainViewController.swift */; };
		6772E0A71EF3BF0600F2FED7 /* HomeViewController.swift in Sources */ = {isa = PBXBuildFile; fileRef = 6772E0A61EF3BF0600F2FED7 /* HomeViewController.swift */; };
		6772E0AA1EF3C9D000F2FED7 /* UIbarButtonItem_Extension.swift in Sources */ = {isa = PBXBuildFile; fileRef = 6772E0A91EF3C9D000F2FED7 /* UIbarButtonItem_Extension.swift */; };
/* End PBXBuildFile section */

/* Begin PBXFileReference section */
		671B7EFC1EF8A93100F380B0 /* RecommendViewController.swift */ = {isa = PBXFileReference; fileEncoding = 4; lastKnownFileType = sourcecode.swift; path = RecommendViewController.swift; sourceTree = "<group>"; };
		671B7EFE1EF8BEA100F380B0 /* CollectionHeaderView.swift */ = {isa = PBXFileReference; fileEncoding = 4; lastKnownFileType = sourcecode.swift; path = CollectionHeaderView.swift; sourceTree = "<group>"; };
		671B7EFF1EF8BEA100F380B0 /* CollectionHeaderView.xib */ = {isa = PBXFileReference; fileEncoding = 4; lastKnownFileType = file.xib; path = CollectionHeaderView.xib; sourceTree = "<group>"; };
		671B7F021EF8C31B00F380B0 /* CollectionNormalCell.swift */ = {isa = PBXFileReference; fileEncoding = 4; lastKnownFileType = sourcecode.swift; path = CollectionNormalCell.swift; sourceTree = "<group>"; };
		671B7F031EF8C31B00F380B0 /* CollectionNormalCell.xib */ = {isa = PBXFileReference; fileEncoding = 4; lastKnownFileType = file.xib; path = CollectionNormalCell.xib; sourceTree = "<group>"; };
		671B7F061EF8E66500F380B0 /* CollectionPrettyCell.swift */ = {isa = PBXFileReference; fileEncoding = 4; lastKnownFileType = sourcecode.swift; path = CollectionPrettyCell.swift; sourceTree = "<group>"; };
		671B7F071EF8E66500F380B0 /* CollectionPrettyCell.xib */ = {isa = PBXFileReference; fileEncoding = 4; lastKnownFileType = file.xib; path = CollectionPrettyCell.xib; sourceTree = "<group>"; };
		67448E2F1EF75B970047D5C9 /* PageTitleView.swift */ = {isa = PBXFileReference; fileEncoding = 4; lastKnownFileType = sourcecode.swift; path = PageTitleView.swift; sourceTree = "<group>"; };
		67448E311EF75D150047D5C9 /* Common.swift */ = {isa = PBXFileReference; fileEncoding = 4; lastKnownFileType = sourcecode.swift; path = Common.swift; sourceTree = "<group>"; };
		67448E331EF769F20047D5C9 /* PageContentView.swift */ = {isa = PBXFileReference; fileEncoding = 4; lastKnownFileType = sourcecode.swift; path = PageContentView.swift; sourceTree = "<group>"; };
		67448E351EF76D6D0047D5C9 /* UIColor-Extension.swift */ = {isa = PBXFileReference; fileEncoding = 4; lastKnownFileType = sourcecode.swift; path = "UIColor-Extension.swift"; sourceTree = "<group>"; };
		6772E0701EF37B1E00F2FED7 /* DouYu.app */ = {isa = PBXFileReference; explicitFileType = wrapper.application; includeInIndex = 0; path = DouYu.app; sourceTree = BUILT_PRODUCTS_DIR; };
		6772E0731EF37B1E00F2FED7 /* AppDelegate.swift */ = {isa = PBXFileReference; lastKnownFileType = sourcecode.swift; path = AppDelegate.swift; sourceTree = "<group>"; };
		6772E0781EF37B1E00F2FED7 /* Base */ = {isa = PBXFileReference; lastKnownFileType = file.storyboard; name = Base; path = Base.lproj/Main.storyboard; sourceTree = "<group>"; };
		6772E07A1EF37B1E00F2FED7 /* Assets.xcassets */ = {isa = PBXFileReference; lastKnownFileType = folder.assetcatalog; path = Assets.xcassets; sourceTree = "<group>"; };
		6772E07D1EF37B1E00F2FED7 /* Base */ = {isa = PBXFileReference; lastKnownFileType = file.storyboard; name = Base; path = Base.lproj/LaunchScreen.storyboard; sourceTree = "<group>"; };
		6772E07F1EF37B1E00F2FED7 /* Info.plist */ = {isa = PBXFileReference; lastKnownFileType = text.plist.xml; path = Info.plist; sourceTree = "<group>"; };
		6772E08D1EF3B7C000F2FED7 /* Base */ = {isa = PBXFileReference; lastKnownFileType = file.storyboard; name = Base; path = DouYu/Base.lproj/Home.storyboard; sourceTree = SOURCE_ROOT; };
		6772E0901EF3B7E900F2FED7 /* Base */ = {isa = PBXFileReference; lastKnownFileType = file.storyboard; name = Base; path = DouYu/Base.lproj/Live.storyboard; sourceTree = SOURCE_ROOT; };
		6772E0931EF3B7FE00F2FED7 /* Base */ = {isa = PBXFileReference; lastKnownFileType = file.storyboard; name = Base; path = DouYu/Base.lproj/Follow.storyboard; sourceTree = SOURCE_ROOT; };
		6772E0961EF3B81700F2FED7 /* Base */ = {isa = PBXFileReference; lastKnownFileType = file.storyboard; name = Base; path = DouYu/Base.lproj/Find.storyboard; sourceTree = SOURCE_ROOT; };
		6772E0991EF3B82700F2FED7 /* Base */ = {isa = PBXFileReference; lastKnownFileType = file.storyboard; name = Base; path = DouYu/Base.lproj/Mine.storyboard; sourceTree = SOURCE_ROOT; };
		6772E0A21EF3BED100F2FED7 /* MainViewController.swift */ = {isa = PBXFileReference; fileEncoding = 4; lastKnownFileType = sourcecode.swift; path = MainViewController.swift; sourceTree = "<group>"; };
		6772E0A61EF3BF0600F2FED7 /* HomeViewController.swift */ = {isa = PBXFileReference; fileEncoding = 4; lastKnownFileType = sourcecode.swift; path = HomeViewController.swift; sourceTree = "<group>"; };
		6772E0A91EF3C9D000F2FED7 /* UIbarButtonItem_Extension.swift */ = {isa = PBXFileReference; fileEncoding = 4; lastKnownFileType = sourcecode.swift; path = UIbarButtonItem_Extension.swift; sourceTree = "<group>"; };
/* End PBXFileReference section */

/* Begin PBXFrameworksBuildPhase section */
		6772E06D1EF37B1E00F2FED7 /* Frameworks */ = {
			isa = PBXFrameworksBuildPhase;
			buildActionMask = 2147483647;
			files = (
			);
			runOnlyForDeploymentPostprocessing = 0;
		};
/* End PBXFrameworksBuildPhase section */

/* Begin PBXGroup section */
		6772E0671EF37B1E00F2FED7 = {
			isa = PBXGroup;
			children = (
				6772E0721EF37B1E00F2FED7 /* DouYu */,
				6772E0711EF37B1E00F2FED7 /* Products */,
			);
			sourceTree = "<group>";
		};
		6772E0711EF37B1E00F2FED7 /* Products */ = {
			isa = PBXGroup;
			children = (
				6772E0701EF37B1E00F2FED7 /* DouYu.app */,
			);
			name = Products;
			sourceTree = "<group>";
		};
		6772E0721EF37B1E00F2FED7 /* DouYu */ = {
			isa = PBXGroup;
			children = (
				6772E0851EF3A2B800F2FED7 /* Classes */,
				6772E0731EF37B1E00F2FED7 /* AppDelegate.swift */,
				6772E07A1EF37B1E00F2FED7 /* Assets.xcassets */,
				6772E07C1EF37B1E00F2FED7 /* LaunchScreen.storyboard */,
				6772E07F1EF37B1E00F2FED7 /* Info.plist */,
			);
			path = DouYu;
			sourceTree = "<group>";
		};
		6772E0851EF3A2B800F2FED7 /* Classes */ = {
			isa = PBXGroup;
			children = (
				6772E0891EF3A2B800F2FED7 /* Main */,
				6772E0871EF3A2B800F2FED7 /* Home */,
				6772E0881EF3A2B800F2FED7 /* Live */,
				6772E0861EF3A2B800F2FED7 /* Follow */,
				6772E09B1EF3B84000F2FED7 /* Find */,
				6772E08A1EF3A2B800F2FED7 /* Profile */,
				6772E08B1EF3A2B800F2FED7 /* Tools */,
			);
			path = Classes;
			sourceTree = "<group>";
		};
		6772E0861EF3A2B800F2FED7 /* Follow */ = {
			isa = PBXGroup;
			children = (
				6772E0921EF3B7FE00F2FED7 /* Follow.storyboard */,
			);
			path = Follow;
			sourceTree = "<group>";
		};
		6772E0871EF3A2B800F2FED7 /* Home */ = {
			isa = PBXGroup;
			children = (
				6772E09F1EF3BE2A00F2FED7 /* Model */,
				6772E0A01EF3BE2A00F2FED7 /* View */,
				6772E09E1EF3BE2A00F2FED7 /* Controller */,
			);
			path = Home;
			sourceTree = "<group>";
		};
		6772E0881EF3A2B800F2FED7 /* Live */ = {
			isa = PBXGroup;
			children = (
				6772E08F1EF3B7E900F2FED7 /* Live.storyboard */,
			);
			path = Live;
			sourceTree = "<group>";
		};
		6772E0891EF3A2B800F2FED7 /* Main */ = {
			isa = PBXGroup;
			children = (
				6772E0A31EF3BED100F2FED7 /* Model */,
				6772E0A41EF3BED100F2FED7 /* View */,
				6772E0A11EF3BED100F2FED7 /* Controller */,
			);
			path = Main;
			sourceTree = "<group>";
		};
		6772E08A1EF3A2B800F2FED7 /* Profile */ = {
			isa = PBXGroup;
			children = (
				6772E0981EF3B82700F2FED7 /* Mine.storyboard */,
			);
			path = Profile;
			sourceTree = "<group>";
		};
		6772E08B1EF3A2B800F2FED7 /* Tools */ = {
			isa = PBXGroup;
			children = (
				6772E0A81EF3C9B000F2FED7 /* Extension */,
				67448E311EF75D150047D5C9 /* Common.swift */,
			);
			path = Tools;
			sourceTree = "<group>";
		};
		6772E09B1EF3B84000F2FED7 /* Find */ = {
			isa = PBXGroup;
			children = (
				6772E0951EF3B81700F2FED7 /* Find.storyboard */,
			);
			path = Find;
			sourceTree = "<group>";
		};
		6772E09E1EF3BE2A00F2FED7 /* Controller */ = {
			isa = PBXGroup;
			children = (
				6772E08C1EF3B7C000F2FED7 /* Home.storyboard */,
				6772E0A61EF3BF0600F2FED7 /* HomeViewController.swift */,
				671B7EFC1EF8A93100F380B0 /* RecommendViewController.swift */,
			);
			path = Controller;
			sourceTree = "<group>";
		};
		6772E09F1EF3BE2A00F2FED7 /* Model */ = {
			isa = PBXGroup;
			children = (
			);
			path = Model;
			sourceTree = "<group>";
		};
		6772E0A01EF3BE2A00F2FED7 /* View */ = {
			isa = PBXGroup;
			children = (
				671B7EFE1EF8BEA100F380B0 /* CollectionHeaderView.swift */,
				671B7EFF1EF8BEA100F380B0 /* CollectionHeaderView.xib */,
			);
			path = View;
			sourceTree = "<group>";
		};
		6772E0A11EF3BED100F2FED7 /* Controller */ = {
			isa = PBXGroup;
			children = (
				6772E0A21EF3BED100F2FED7 /* MainViewController.swift */,
				6772E0771EF37B1E00F2FED7 /* Main.storyboard */,
			);
			path = Controller;
			sourceTree = "<group>";
		};
		6772E0A31EF3BED100F2FED7 /* Model */ = {
			isa = PBXGroup;
			children = (
			);
			path = Model;
			sourceTree = "<group>";
		};
		6772E0A41EF3BED100F2FED7 /* View */ = {
			isa = PBXGroup;
			children = (
				67448E2F1EF75B970047D5C9 /* PageTitleView.swift */,
				67448E331EF769F20047D5C9 /* PageContentView.swift */,
				671B7F021EF8C31B00F380B0 /* CollectionNormalCell.swift */,
				671B7F031EF8C31B00F380B0 /* CollectionNormalCell.xib */,
				671B7F061EF8E66500F380B0 /* CollectionPrettyCell.swift */,
				671B7F071EF8E66500F380B0 /* CollectionPrettyCell.xib */,
			);
			path = View;
			sourceTree = "<group>";
		};
		6772E0A81EF3C9B000F2FED7 /* Extension */ = {
			isa = PBXGroup;
			children = (
				6772E0A91EF3C9D000F2FED7 /* UIbarButtonItem_Extension.swift */,
				67448E351EF76D6D0047D5C9 /* UIColor-Extension.swift */,
			);
			path = Extension;
			sourceTree = "<group>";
		};
/* End PBXGroup section */

/* Begin PBXNativeTarget section */
		6772E06F1EF37B1E00F2FED7 /* DouYu */ = {
			isa = PBXNativeTarget;
			buildConfigurationList = 6772E0821EF37B1E00F2FED7 /* Build configuration list for PBXNativeTarget "DouYu" */;
			buildPhases = (
				6772E06C1EF37B1E00F2FED7 /* Sources */,
				6772E06D1EF37B1E00F2FED7 /* Frameworks */,
				6772E06E1EF37B1E00F2FED7 /* Resources */,
			);
			buildRules = (
			);
			dependencies = (
			);
			name = DouYu;
			productName = DouYu;
			productReference = 6772E0701EF37B1E00F2FED7 /* DouYu.app */;
			productType = "com.apple.product-type.application";
		};
/* End PBXNativeTarget section */

/* Begin PBXProject section */
		6772E0681EF37B1E00F2FED7 /* Project object */ = {
			isa = PBXProject;
			attributes = {
				LastSwiftUpdateCheck = 0830;
				LastUpgradeCheck = 0830;
				ORGANIZATIONNAME = PTDriver;
				TargetAttributes = {
					6772E06F1EF37B1E00F2FED7 = {
						CreatedOnToolsVersion = 8.3.2;
						DevelopmentTeam = A6MWV2LN4K;
						ProvisioningStyle = Automatic;
					};
				};
			};
			buildConfigurationList = 6772E06B1EF37B1E00F2FED7 /* Build configuration list for PBXProject "DouYu" */;
			compatibilityVersion = "Xcode 3.2";
			developmentRegion = English;
			hasScannedForEncodings = 0;
			knownRegions = (
				en,
				Base,
			);
			mainGroup = 6772E0671EF37B1E00F2FED7;
			productRefGroup = 6772E0711EF37B1E00F2FED7 /* Products */;
			projectDirPath = "";
			projectRoot = "";
			targets = (
				6772E06F1EF37B1E00F2FED7 /* DouYu */,
			);
		};
/* End PBXProject section */

/* Begin PBXResourcesBuildPhase section */
		6772E06E1EF37B1E00F2FED7 /* Resources */ = {
			isa = PBXResourcesBuildPhase;
			buildActionMask = 2147483647;
			files = (
				6772E0971EF3B81700F2FED7 /* Find.storyboard in Resources */,
				6772E07E1EF37B1E00F2FED7 /* LaunchScreen.storyboard in Resources */,
				671B7F051EF8C31B00F380B0 /* CollectionNormalCell.xib in Resources */,
				6772E07B1EF37B1E00F2FED7 /* Assets.xcassets in Resources */,
				6772E0791EF37B1E00F2FED7 /* Main.storyboard in Resources */,
				6772E0911EF3B7E900F2FED7 /* Live.storyboard in Resources */,
				671B7F011EF8BEA100F380B0 /* CollectionHeaderView.xib in Resources */,
				6772E08E1EF3B7C000F2FED7 /* Home.storyboard in Resources */,
				671B7F091EF8E66500F380B0 /* CollectionPrettyCell.xib in Resources */,
				6772E0941EF3B7FE00F2FED7 /* Follow.storyboard in Resources */,
				6772E09A1EF3B82700F2FED7 /* Mine.storyboard in Resources */,
			);
			runOnlyForDeploymentPostprocessing = 0;
		};
/* End PBXResourcesBuildPhase section */

/* Begin PBXSourcesBuildPhase section */
		6772E06C1EF37B1E00F2FED7 /* Sources */ = {
			isa = PBXSourcesBuildPhase;
			buildActionMask = 2147483647;
			files = (
				6772E0AA1EF3C9D000F2FED7 /* UIbarButtonItem_Extension.swift in Sources */,
				671B7F001EF8BEA100F380B0 /* CollectionHeaderView.swift in Sources */,
				67448E361EF76D6D0047D5C9 /* UIColor-Extension.swift in Sources */,
				671B7EFD1EF8A93100F380B0 /* RecommendViewController.swift in Sources */,
				6772E0741EF37B1E00F2FED7 /* AppDelegate.swift in Sources */,
				67448E301EF75B970047D5C9 /* PageTitleView.swift in Sources */,
				67448E341EF769F20047D5C9 /* PageContentView.swift in Sources */,
				6772E0A51EF3BED100F2FED7 /* MainViewController.swift in Sources */,
				67448E321EF75D150047D5C9 /* Common.swift in Sources */,
				671B7F081EF8E66500F380B0 /* CollectionPrettyCell.swift in Sources */,
				671B7F041EF8C31B00F380B0 /* CollectionNormalCell.swift in Sources */,
				6772E0A71EF3BF0600F2FED7 /* HomeViewController.swift in Sources */,
			);
			runOnlyForDeploymentPostprocessing = 0;
		};
/* End PBXSourcesBuildPhase section */

/* Begin PBXVariantGroup section */
		6772E0771EF37B1E00F2FED7 /* Main.storyboard */ = {
			isa = PBXVariantGroup;
			children = (
				6772E0781EF37B1E00F2FED7 /* Base */,
			);
			name = Main.storyboard;
			path = ../../..;
			sourceTree = "<group>";
		};
		6772E07C1EF37B1E00F2FED7 /* LaunchScreen.storyboard */ = {
			isa = PBXVariantGroup;
			children = (
				6772E07D1EF37B1E00F2FED7 /* Base */,
			);
			name = LaunchScreen.storyboard;
			sourceTree = "<group>";
		};
		6772E08C1EF3B7C000F2FED7 /* Home.storyboard */ = {
			isa = PBXVariantGroup;
			children = (
				6772E08D1EF3B7C000F2FED7 /* Base */,
			);
			name = Home.storyboard;
			path = ../../Main;
			sourceTree = "<group>";
		};
		6772E08F1EF3B7E900F2FED7 /* Live.storyboard */ = {
			isa = PBXVariantGroup;
			children = (
				6772E0901EF3B7E900F2FED7 /* Base */,
			);
			name = Live.storyboard;
			path = ../Main;
			sourceTree = "<group>";
		};
		6772E0921EF3B7FE00F2FED7 /* Follow.storyboard */ = {
			isa = PBXVariantGroup;
			children = (
				6772E0931EF3B7FE00F2FED7 /* Base */,
			);
			name = Follow.storyboard;
			path = ../Main;
			sourceTree = "<group>";
		};
		6772E0951EF3B81700F2FED7 /* Find.storyboard */ = {
			isa = PBXVariantGroup;
			children = (
				6772E0961EF3B81700F2FED7 /* Base */,
			);
			name = Find.storyboard;
			path = ../Main;
			sourceTree = "<group>";
		};
		6772E0981EF3B82700F2FED7 /* Mine.storyboard */ = {
			isa = PBXVariantGroup;
			children = (
				6772E0991EF3B82700F2FED7 /* Base */,
			);
			name = Mine.storyboard;
			path = ../Main;
			sourceTree = "<group>";
		};
/* End PBXVariantGroup section */

/* Begin XCBuildConfiguration section */
		6772E0801EF37B1E00F2FED7 /* Debug */ = {
			isa = XCBuildConfiguration;
			buildSettings = {
				ALWAYS_SEARCH_USER_PATHS = NO;
				CLANG_ANALYZER_NONNULL = YES;
				CLANG_ANALYZER_NUMBER_OBJECT_CONVERSION = YES_AGGRESSIVE;
				CLANG_CXX_LANGUAGE_STANDARD = "gnu++0x";
				CLANG_CXX_LIBRARY = "libc++";
				CLANG_ENABLE_MODULES = YES;
				CLANG_ENABLE_OBJC_ARC = YES;
				CLANG_WARN_BOOL_CONVERSION = YES;
				CLANG_WARN_CONSTANT_CONVERSION = YES;
				CLANG_WARN_DIRECT_OBJC_ISA_USAGE = YES_ERROR;
				CLANG_WARN_DOCUMENTATION_COMMENTS = YES;
				CLANG_WARN_EMPTY_BODY = YES;
				CLANG_WARN_ENUM_CONVERSION = YES;
				CLANG_WARN_INFINITE_RECURSION = YES;
				CLANG_WARN_INT_CONVERSION = YES;
				CLANG_WARN_OBJC_ROOT_CLASS = YES_ERROR;
				CLANG_WARN_SUSPICIOUS_MOVE = YES;
				CLANG_WARN_UNREACHABLE_CODE = YES;
				CLANG_WARN__DUPLICATE_METHOD_MATCH = YES;
				"CODE_SIGN_IDENTITY[sdk=iphoneos*]" = "iPhone Developer";
				COPY_PHASE_STRIP = NO;
				DEBUG_INFORMATION_FORMAT = dwarf;
				ENABLE_STRICT_OBJC_MSGSEND = YES;
				ENABLE_TESTABILITY = YES;
				GCC_C_LANGUAGE_STANDARD = gnu99;
				GCC_DYNAMIC_NO_PIC = NO;
				GCC_NO_COMMON_BLOCKS = YES;
				GCC_OPTIMIZATION_LEVEL = 0;
				GCC_PREPROCESSOR_DEFINITIONS = (
					"DEBUG=1",
					"$(inherited)",
				);
				GCC_WARN_64_TO_32_BIT_CONVERSION = YES;
				GCC_WARN_ABOUT_RETURN_TYPE = YES_ERROR;
				GCC_WARN_UNDECLARED_SELECTOR = YES;
				GCC_WARN_UNINITIALIZED_AUTOS = YES_AGGRESSIVE;
				GCC_WARN_UNUSED_FUNCTION = YES;
				GCC_WARN_UNUSED_VARIABLE = YES;
				IPHONEOS_DEPLOYMENT_TARGET = 10.3;
				MTL_ENABLE_DEBUG_INFO = YES;
				ONLY_ACTIVE_ARCH = YES;
				SDKROOT = iphoneos;
				SWIFT_ACTIVE_COMPILATION_CONDITIONS = DEBUG;
				SWIFT_OPTIMIZATION_LEVEL = "-Onone";
				TARGETED_DEVICE_FAMILY = "1,2";
			};
			name = Debug;
		};
		6772E0811EF37B1E00F2FED7 /* Release */ = {
			isa = XCBuildConfiguration;
			buildSettings = {
				ALWAYS_SEARCH_USER_PATHS = NO;
				CLANG_ANALYZER_NONNULL = YES;
				CLANG_ANALYZER_NUMBER_OBJECT_CONVERSION = YES_AGGRESSIVE;
				CLANG_CXX_LANGUAGE_STANDARD = "gnu++0x";
				CLANG_CXX_LIBRARY = "libc++";
				CLANG_ENABLE_MODULES = YES;
				CLANG_ENABLE_OBJC_ARC = YES;
				CLANG_WARN_BOOL_CONVERSION = YES;
				CLANG_WARN_CONSTANT_CONVERSION = YES;
				CLANG_WARN_DIRECT_OBJC_ISA_USAGE = YES_ERROR;
				CLANG_WARN_DOCUMENTATION_COMMENTS = YES;
				CLANG_WARN_EMPTY_BODY = YES;
				CLANG_WARN_ENUM_CONVERSION = YES;
				CLANG_WARN_INFINITE_RECURSION = YES;
				CLANG_WARN_INT_CONVERSION = YES;
				CLANG_WARN_OBJC_ROOT_CLASS = YES_ERROR;
				CLANG_WARN_SUSPICIOUS_MOVE = YES;
				CLANG_WARN_UNREACHABLE_CODE = YES;
				CLANG_WARN__DUPLICATE_METHOD_MATCH = YES;
				"CODE_SIGN_IDENTITY[sdk=iphoneos*]" = "iPhone Developer";
				COPY_PHASE_STRIP = NO;
				DEBUG_INFORMATION_FORMAT = "dwarf-with-dsym";
				ENABLE_NS_ASSERTIONS = NO;
				ENABLE_STRICT_OBJC_MSGSEND = YES;
				GCC_C_LANGUAGE_STANDARD = gnu99;
				GCC_NO_COMMON_BLOCKS = YES;
				GCC_WARN_64_TO_32_BIT_CONVERSION = YES;
				GCC_WARN_ABOUT_RETURN_TYPE = YES_ERROR;
				GCC_WARN_UNDECLARED_SELECTOR = YES;
				GCC_WARN_UNINITIALIZED_AUTOS = YES_AGGRESSIVE;
				GCC_WARN_UNUSED_FUNCTION = YES;
				GCC_WARN_UNUSED_VARIABLE = YES;
				IPHONEOS_DEPLOYMENT_TARGET = 10.3;
				MTL_ENABLE_DEBUG_INFO = NO;
				SDKROOT = iphoneos;
				SWIFT_OPTIMIZATION_LEVEL = "-Owholemodule";
				TARGETED_DEVICE_FAMILY = "1,2";
				VALIDATE_PRODUCT = YES;
			};
			name = Release;
		};
		6772E0831EF37B1E00F2FED7 /* Debug */ = {
			isa = XCBuildConfiguration;
			buildSettings = {
				ASSETCATALOG_COMPILER_APPICON_NAME = AppIcon;
				ASSETCATALOG_COMPILER_LAUNCHIMAGE_NAME = LaunchImage;
				DEVELOPMENT_TEAM = A6MWV2LN4K;
				INFOPLIST_FILE = DouYu/Info.plist;
				IPHONEOS_DEPLOYMENT_TARGET = 8.0;
				LD_RUNPATH_SEARCH_PATHS = "$(inherited) @executable_path/Frameworks";
				PRODUCT_BUNDLE_IDENTIFIER = pingtong.DouYu;
				PRODUCT_NAME = "$(TARGET_NAME)";
				SWIFT_VERSION = 3.0;
			};
			name = Debug;
		};
		6772E0841EF37B1E00F2FED7 /* Release */ = {
			isa = XCBuildConfiguration;
			buildSettings = {
				ASSETCATALOG_COMPILER_APPICON_NAME = AppIcon;
				ASSETCATALOG_COMPILER_LAUNCHIMAGE_NAME = LaunchImage;
				DEVELOPMENT_TEAM = A6MWV2LN4K;
				INFOPLIST_FILE = DouYu/Info.plist;
				IPHONEOS_DEPLOYMENT_TARGET = 8.0;
				LD_RUNPATH_SEARCH_PATHS = "$(inherited) @executable_path/Frameworks";
				PRODUCT_BUNDLE_IDENTIFIER = pingtong.DouYu;
				PRODUCT_NAME = "$(TARGET_NAME)";
				SWIFT_VERSION = 3.0;
			};
			name = Release;
		};
/* End XCBuildConfiguration section */

/* Begin XCConfigurationList section */
		6772E06B1EF37B1E00F2FED7 /* Build configuration list for PBXProject "DouYu" */ = {
			isa = XCConfigurationList;
			buildConfigurations = (
				6772E0801EF37B1E00F2FED7 /* Debug */,
				6772E0811EF37B1E00F2FED7 /* Release */,
			);
			defaultConfigurationIsVisible = 0;
			defaultConfigurationName = Release;
		};
		6772E0821EF37B1E00F2FED7 /* Build configuration list for PBXNativeTarget "DouYu" */ = {
			isa = XCConfigurationList;
			buildConfigurations = (
				6772E0831EF37B1E00F2FED7 /* Debug */,
				6772E0841EF37B1E00F2FED7 /* Release */,
			);
			defaultConfigurationIsVisible = 0;
			defaultConfigurationName = Release;
		};
/* End XCConfigurationList section */
	};
	rootObject = 6772E0681EF37B1E00F2FED7 /* Project object */;
}
